
Microsoft Visual Studio Solution File, Format Version 12.00
# Visual Studio Version 17
VisualStudioVersion = 17.4.33122.133
MinimumVisualStudioVersion = 10.0.40219.1
Project("{2150E333-8FDC-42A3-9474-1A3956D46DE8}") = "Autoshop", "Autoshop", "{D65EB907-FEF0-411B-9D91-B9741C0386DE}"
EndProject
Project("{2150E333-8FDC-42A3-9474-1A3956D46DE8}") = "domain", "domain", "{0ECB7502-8F78-41BC-823F-1E535EB83C6B}"
EndProject
Project("{2150E333-8FDC-42A3-9474-1A3956D46DE8}") = "infrastructure", "infrastructure", "{3AEE0EA8-BA7D-4DBD-9235-429370134CFE}"
EndProject
Project("{FAE04EC0-301F-11D3-BF4B-00C04F79EFBC}") = "Shop.Data.EF", "infrastructure\Shop.Data.EF\Shop.Data.EF.csproj", "{8C139FCF-9731-4E4A-808B-8D51DF3A6E39}"
	ProjectSection(ProjectDependencies) = postProject
		{D5B4CAFE-73EC-445A-B304-ED8B9875A016} = {D5B4CAFE-73EC-445A-B304-ED8B9875A016}
	EndProjectSection
EndProject
Project("{2150E333-8FDC-42A3-9474-1A3956D46DE8}") = "presentation", "presentation", "{BA429982-617A-442F-A170-8AC58CC1EAB9}"
EndProject
Project("{FAE04EC0-301F-11D3-BF4B-00C04F79EFBC}") = "Shop.Domain", "domain\Shop.Domain\Shop.Domain.csproj", "{D5B4CAFE-73EC-445A-B304-ED8B9875A016}"
EndProject
Project("{FAE04EC0-301F-11D3-BF4B-00C04F79EFBC}") = "Shop.Tests", "domain\Shop.Tests\Shop.Tests.csproj", "{1C33114F-1AAC-4604-BE30-12BBEFC3EB2A}"
	ProjectSection(ProjectDependencies) = postProject
		{D5B4CAFE-73EC-445A-B304-ED8B9875A016} = {D5B4CAFE-73EC-445A-B304-ED8B9875A016}
	EndProjectSection
EndProject
Project("{FAE04EC0-301F-11D3-BF4B-00C04F79EFBC}") = "Store", "presentation\Store\Store.csproj", "{46C2A338-1687-4B9E-B86C-827AE1ADD2A4}"
	ProjectSection(ProjectDependencies) = postProject
		{8C139FCF-9731-4E4A-808B-8D51DF3A6E39} = {8C139FCF-9731-4E4A-808B-8D51DF3A6E39}
		{D5B4CAFE-73EC-445A-B304-ED8B9875A016} = {D5B4CAFE-73EC-445A-B304-ED8B9875A016}
	EndProjectSection
EndProject
Global
	GlobalSection(SolutionConfigurationPlatforms) = preSolution
		Debug|Any CPU = Debug|Any CPU
		Release|Any CPU = Release|Any CPU
	EndGlobalSection
	GlobalSection(ProjectConfigurationPlatforms) = postSolution
		{8C139FCF-9731-4E4A-808B-8D51DF3A6E39}.Debug|Any CPU.ActiveCfg = Debug|Any CPU
		{8C139FCF-9731-4E4A-808B-8D51DF3A6E39}.Debug|Any CPU.Build.0 = Debug|Any CPU
		{8C139FCF-9731-4E4A-808B-8D51DF3A6E39}.Release|Any CPU.ActiveCfg = Release|Any CPU
		{8C139FCF-9731-4E4A-808B-8D51DF3A6E39}.Release|Any CPU.Build.0 = Release|Any CPU
		{D5B4CAFE-73EC-445A-B304-ED8B9875A016}.Debug|Any CPU.ActiveCfg = Debug|Any CPU
		{D5B4CAFE-73EC-445A-B304-ED8B9875A016}.Debug|Any CPU.Build.0 = Debug|Any CPU
		{D5B4CAFE-73EC-445A-B304-ED8B9875A016}.Release|Any CPU.ActiveCfg = Release|Any CPU
		{D5B4CAFE-73EC-445A-B304-ED8B9875A016}.Release|Any CPU.Build.0 = Release|Any CPU
		{1C33114F-1AAC-4604-BE30-12BBEFC3EB2A}.Debug|Any CPU.ActiveCfg = Debug|Any CPU
		{1C33114F-1AAC-4604-BE30-12BBEFC3EB2A}.Debug|Any CPU.Build.0 = Debug|Any CPU
		{1C33114F-1AAC-4604-BE30-12BBEFC3EB2A}.Release|Any CPU.ActiveCfg = Release|Any CPU
		{1C33114F-1AAC-4604-BE30-12BBEFC3EB2A}.Release|Any CPU.Build.0 = Release|Any CPU
		{46C2A338-1687-4B9E-B86C-827AE1ADD2A4}.Debug|Any CPU.ActiveCfg = Debug|Any CPU
		{46C2A338-1687-4B9E-B86C-827AE1ADD2A4}.Debug|Any CPU.Build.0 = Debug|Any CPU
		{46C2A338-1687-4B9E-B86C-827AE1ADD2A4}.Release|Any CPU.ActiveCfg = Release|Any CPU
		{46C2A338-1687-4B9E-B86C-827AE1ADD2A4}.Release|Any CPU.Build.0 = Release|Any CPU
	EndGlobalSection
	GlobalSection(SolutionProperties) = preSolution
		HideSolutionNode = FALSE
	EndGlobalSection
	GlobalSection(NestedProjects) = preSolution
		{0ECB7502-8F78-41BC-823F-1E535EB83C6B} = {D65EB907-FEF0-411B-9D91-B9741C0386DE}
		{3AEE0EA8-BA7D-4DBD-9235-429370134CFE} = {D65EB907-FEF0-411B-9D91-B9741C0386DE}
		{8C139FCF-9731-4E4A-808B-8D51DF3A6E39} = {3AEE0EA8-BA7D-4DBD-9235-429370134CFE}
		{BA429982-617A-442F-A170-8AC58CC1EAB9} = {D65EB907-FEF0-411B-9D91-B9741C0386DE}
		{D5B4CAFE-73EC-445A-B304-ED8B9875A016} = {0ECB7502-8F78-41BC-823F-1E535EB83C6B}
		{1C33114F-1AAC-4604-BE30-12BBEFC3EB2A} = {0ECB7502-8F78-41BC-823F-1E535EB83C6B}
		{46C2A338-1687-4B9E-B86C-827AE1ADD2A4} = {BA429982-617A-442F-A170-8AC58CC1EAB9}
	EndGlobalSection
	GlobalSection(ExtensibilityGlobals) = postSolution
		SolutionGuid = {A2BA1539-8EE7-42E9-A0E7-2115EF19043B}
	EndGlobalSection
EndGlobal
